
Microsoft Visual Studio Solution File, Format Version 12.00
# Visual Studio 15
VisualStudioVersion = 15.0.28307.852
MinimumVisualStudioVersion = 10.0.40219.1
Project("{FAE04EC0-301F-11D3-BF4B-00C04F79EFBC}") = "TicTacToe", "TicTacToe\TicTacToe.csproj", "{D906C750-272F-499F-92BD-10F54FB303DA}"
EndProject
Global
	GlobalSection(SolutionConfigurationPlatforms) = preSolution
		Debug|Any CPU = Debug|Any CPU
		Release|Any CPU = Release|Any CPU
	EndGlobalSection
	GlobalSection(ProjectConfigurationPlatforms) = postSolution
		{D906C750-272F-499F-92BD-10F54FB303DA}.Debug|Any CPU.ActiveCfg = Debug|Any CPU
		{D906C750-272F-499F-92BD-10F54FB303DA}.Debug|Any CPU.Build.0 = Debug|Any CPU
		{D906C750-272F-499F-92BD-10F54FB303DA}.Release|Any CPU.ActiveCfg = Release|Any CPU
		{D906C750-272F-499F-92BD-10F54FB303DA}.Release|Any CPU.Build.0 = Release|Any CPU
	EndGlobalSection
	GlobalSection(SolutionProperties) = preSolution
		HideSolutionNode = FALSE
	EndGlobalSection
	GlobalSection(ExtensibilityGlobals) = postSolution
		SolutionGuid = {FD6E5641-F188-499B-BB1C-7101E6BBB8BB}
	EndGlobalSection
EndGlobal
