
Microsoft Visual Studio Solution File, Format Version 12.00
# Visual Studio 15
VisualStudioVersion = 15.0.28307.852
MinimumVisualStudioVersion = 10.0.40219.1
Project("{FAE04EC0-301F-11D3-BF4B-00C04F79EFBC}") = "TwitKaido", "TwitKaido\TwitKaido.csproj", "{B28A8053-D259-40DA-91B7-874A33539747}"
EndProject
Global
	GlobalSection(SolutionConfigurationPlatforms) = preSolution
		Debug|Any CPU = Debug|Any CPU
		Release|Any CPU = Release|Any CPU
	EndGlobalSection
	GlobalSection(ProjectConfigurationPlatforms) = postSolution
		{B28A8053-D259-40DA-91B7-874A33539747}.Debug|Any CPU.ActiveCfg = Debug|Any CPU
		{B28A8053-D259-40DA-91B7-874A33539747}.Debug|Any CPU.Build.0 = Debug|Any CPU
		{B28A8053-D259-40DA-91B7-874A33539747}.Release|Any CPU.ActiveCfg = Release|Any CPU
		{B28A8053-D259-40DA-91B7-874A33539747}.Release|Any CPU.Build.0 = Release|Any CPU
	EndGlobalSection
	GlobalSection(SolutionProperties) = preSolution
		HideSolutionNode = FALSE
	EndGlobalSection
	GlobalSection(ExtensibilityGlobals) = postSolution
		SolutionGuid = {E4B1852F-7148-41DF-8D5E-14E659FBFB0E}
	EndGlobalSection
EndGlobal
