
Microsoft Visual Studio Solution File, Format Version 12.00
# Visual Studio 15
VisualStudioVersion = 15.0.28307.852
MinimumVisualStudioVersion = 10.0.40219.1
Project("{9A19103F-16F7-4668-BE54-9A1E7A4F7556}") = "MarsRoverDemo", "MarsRoverTrioPrograming\MarsRoverDemo.csproj", "{CD82004C-D768-49DB-9271-DFF2DCB9E869}"
EndProject
Global
	GlobalSection(SolutionConfigurationPlatforms) = preSolution
		Debug|Any CPU = Debug|Any CPU
		Release|Any CPU = Release|Any CPU
	EndGlobalSection
	GlobalSection(ProjectConfigurationPlatforms) = postSolution
		{CD82004C-D768-49DB-9271-DFF2DCB9E869}.Debug|Any CPU.ActiveCfg = Debug|Any CPU
		{CD82004C-D768-49DB-9271-DFF2DCB9E869}.Debug|Any CPU.Build.0 = Debug|Any CPU
		{CD82004C-D768-49DB-9271-DFF2DCB9E869}.Release|Any CPU.ActiveCfg = Release|Any CPU
		{CD82004C-D768-49DB-9271-DFF2DCB9E869}.Release|Any CPU.Build.0 = Release|Any CPU
	EndGlobalSection
	GlobalSection(SolutionProperties) = preSolution
		HideSolutionNode = FALSE
	EndGlobalSection
	GlobalSection(ExtensibilityGlobals) = postSolution
		SolutionGuid = {5F769016-259D-4A48-A387-7F2B34555158}
	EndGlobalSection
EndGlobal
